
Microsoft Visual Studio Solution File, Format Version 12.00
# Visual Studio Version 17
VisualStudioVersion = 17.14.36301.6 d17.14
MinimumVisualStudioVersion = 10.0.40219.1
Project("{FAE04EC0-301F-11D3-BF4B-00C04F79EFBC}") = "a", "a\a.csproj", "{B795B569-474C-4560-8970-17045AC4EA59}"
EndProject
Global
	GlobalSection(SolutionConfigurationPlatforms) = preSolution
		Debug|Any CPU = Debug|Any CPU
		Release|Any CPU = Release|Any CPU
	EndGlobalSection
	GlobalSection(ProjectConfigurationPlatforms) = postSolution
		{B795B569-474C-4560-8970-17045AC4EA59}.Debug|Any CPU.ActiveCfg = Debug|Any CPU
		{B795B569-474C-4560-8970-17045AC4EA59}.Debug|Any CPU.Build.0 = Debug|Any CPU
		{B795B569-474C-4560-8970-17045AC4EA59}.Release|Any CPU.ActiveCfg = Release|Any CPU
		{B795B569-474C-4560-8970-17045AC4EA59}.Release|Any CPU.Build.0 = Release|Any CPU
	EndGlobalSection
	GlobalSection(SolutionProperties) = preSolution
		HideSolutionNode = FALSE
	EndGlobalSection
	GlobalSection(ExtensibilityGlobals) = postSolution
		SolutionGuid = {EB982CA8-A5A5-4592-AE7A-BCCED5EBBE2F}
	EndGlobalSection
EndGlobal
